
Microsoft Visual Studio Solution File, Format Version 12.00
# Visual Studio Version 17
VisualStudioVersion = 17.3.32922.545
MinimumVisualStudioVersion = 10.0.40219.1
Project("{FAE04EC0-301F-11D3-BF4B-00C04F79EFBC}") = "CRUD_MVC_Daniel_Saraiva", "CRUD_MVC_Daniel_Saraiva\CRUD_MVC_Daniel_Saraiva.csproj", "{FD4722DD-939B-4369-8650-D066C45D1976}"
EndProject
Global
	GlobalSection(SolutionConfigurationPlatforms) = preSolution
		Debug|Any CPU = Debug|Any CPU
		Release|Any CPU = Release|Any CPU
	EndGlobalSection
	GlobalSection(ProjectConfigurationPlatforms) = postSolution
		{FD4722DD-939B-4369-8650-D066C45D1976}.Debug|Any CPU.ActiveCfg = Debug|Any CPU
		{FD4722DD-939B-4369-8650-D066C45D1976}.Debug|Any CPU.Build.0 = Debug|Any CPU
		{FD4722DD-939B-4369-8650-D066C45D1976}.Release|Any CPU.ActiveCfg = Release|Any CPU
		{FD4722DD-939B-4369-8650-D066C45D1976}.Release|Any CPU.Build.0 = Release|Any CPU
	EndGlobalSection
	GlobalSection(SolutionProperties) = preSolution
		HideSolutionNode = FALSE
	EndGlobalSection
	GlobalSection(ExtensibilityGlobals) = postSolution
		SolutionGuid = {6B2EEC74-0F55-4052-9155-DB6864AD9C28}
	EndGlobalSection
EndGlobal
